
Microsoft Visual Studio Solution File, Format Version 12.00
# Visual Studio Version 17
VisualStudioVersion = 17.2.32519.379
MinimumVisualStudioVersion = 10.0.40219.1
Project("{FAE04EC0-301F-11D3-BF4B-00C04F79EFBC}") = "Clinica Medica", "Clinica Medica\Clinica Medica.csproj", "{CA190C35-E393-482C-B877-DD138287A25D}"
EndProject
Project("{FAE04EC0-301F-11D3-BF4B-00C04F79EFBC}") = "Dominio", "Dominio\Dominio.csproj", "{A014F16B-C123-48AB-9BA3-3BD285B7B7E4}"
EndProject
Project("{FAE04EC0-301F-11D3-BF4B-00C04F79EFBC}") = "AccesoDatos", "AccesoDatos\AccesoDatos.csproj", "{84562DF1-2C88-49C2-9734-7E7C15E8E8F6}"
EndProject
Global
	GlobalSection(SolutionConfigurationPlatforms) = preSolution
		Debug|Any CPU = Debug|Any CPU
		Release|Any CPU = Release|Any CPU
	EndGlobalSection
	GlobalSection(ProjectConfigurationPlatforms) = postSolution
		{CA190C35-E393-482C-B877-DD138287A25D}.Debug|Any CPU.ActiveCfg = Debug|Any CPU
		{CA190C35-E393-482C-B877-DD138287A25D}.Debug|Any CPU.Build.0 = Debug|Any CPU
		{CA190C35-E393-482C-B877-DD138287A25D}.Release|Any CPU.ActiveCfg = Release|Any CPU
		{CA190C35-E393-482C-B877-DD138287A25D}.Release|Any CPU.Build.0 = Release|Any CPU
		{A014F16B-C123-48AB-9BA3-3BD285B7B7E4}.Debug|Any CPU.ActiveCfg = Debug|Any CPU
		{A014F16B-C123-48AB-9BA3-3BD285B7B7E4}.Debug|Any CPU.Build.0 = Debug|Any CPU
		{A014F16B-C123-48AB-9BA3-3BD285B7B7E4}.Release|Any CPU.ActiveCfg = Release|Any CPU
		{A014F16B-C123-48AB-9BA3-3BD285B7B7E4}.Release|Any CPU.Build.0 = Release|Any CPU
		{84562DF1-2C88-49C2-9734-7E7C15E8E8F6}.Debug|Any CPU.ActiveCfg = Debug|Any CPU
		{84562DF1-2C88-49C2-9734-7E7C15E8E8F6}.Debug|Any CPU.Build.0 = Debug|Any CPU
		{84562DF1-2C88-49C2-9734-7E7C15E8E8F6}.Release|Any CPU.ActiveCfg = Release|Any CPU
		{84562DF1-2C88-49C2-9734-7E7C15E8E8F6}.Release|Any CPU.Build.0 = Release|Any CPU
	EndGlobalSection
	GlobalSection(SolutionProperties) = preSolution
		HideSolutionNode = FALSE
	EndGlobalSection
	GlobalSection(ExtensibilityGlobals) = postSolution
		SolutionGuid = {4F0F0988-7637-4E30-8486-78D5458DA248}
	EndGlobalSection
EndGlobal
